<Solution>
  <Folder Name="/benchmarks/">
    <Project Path="benchmarks/PipelineTemplate.Benchmarks/PipelineTemplate.Benchmarks.csproj" />
  </Folder>
  <Folder Name="/samples/">
    <Project Path="samples/PipelineTemplate.Samples.CiCd/PipelineTemplate.Samples.CiCd.csproj" />
    <Project Path="samples/PipelineTemplate.Samples.Telemetry/PipelineTemplate.Samples.Telemetry.csproj" />
  </Folder>
  <Folder Name="/src/">
    <Project Path="src/PipelineTemplate.Application/PipelineTemplate.Application.csproj" />
    <Project Path="src/PipelineTemplate.Core/PipelineTemplate.Core.csproj" />
    <Project Path="src/PipelineTemplate.Domain/PipelineTemplate.Domain.csproj" />
    <Project Path="src/PipelineTemplate.Infrastructure/PipelineTemplate.Infrastructure.csproj" />
  </Folder>
  <Folder Name="/tests/">
    <Project Path="tests/PipelineTemplate.Core.Tests/PipelineTemplate.Core.Tests.csproj" />
    <Project Path="tests/PipelineTemplate.Samples.Tests/PipelineTemplate.Samples.Tests.csproj" />
  </Folder>
  <Folder Name="/tools/">
    <Project Path="tools/PipelineTemplate.DocGenerator/PipelineTemplate.DocGenerator.csproj" />
  </Folder>
</Solution>
